
Microsoft Visual Studio Solution File, Format Version 12.00
# Visual Studio Version 17
VisualStudioVersion = 17.10.35027.167
MinimumVisualStudioVersion = 10.0.40219.1
Project("{FAE04EC0-301F-11D3-BF4B-00C04F79EFBC}") = "Logger", "Logger.csproj", "{8E7391EE-C2EF-4CDE-B340-99C18442CEA3}"
EndProject
Global
	GlobalSection(SolutionConfigurationPlatforms) = preSolution
		Debug|Any CPU = Debug|Any CPU
		Release|Any CPU = Release|Any CPU
	EndGlobalSection
	GlobalSection(ProjectConfigurationPlatforms) = postSolution
		{8E7391EE-C2EF-4CDE-B340-99C18442CEA3}.Debug|Any CPU.ActiveCfg = Debug|Any CPU
		{8E7391EE-C2EF-4CDE-B340-99C18442CEA3}.Debug|Any CPU.Build.0 = Debug|Any CPU
		{8E7391EE-C2EF-4CDE-B340-99C18442CEA3}.Release|Any CPU.ActiveCfg = Release|Any CPU
		{8E7391EE-C2EF-4CDE-B340-99C18442CEA3}.Release|Any CPU.Build.0 = Release|Any CPU
	EndGlobalSection
	GlobalSection(SolutionProperties) = preSolution
		HideSolutionNode = FALSE
	EndGlobalSection
	GlobalSection(ExtensibilityGlobals) = postSolution
		SolutionGuid = {56492BE5-968D-42D3-A63E-BB1B676D4158}
	EndGlobalSection
EndGlobal
