
Microsoft Visual Studio Solution File, Format Version 12.00
# Visual Studio Version 17
VisualStudioVersion = 17.10.35013.160
MinimumVisualStudioVersion = 10.0.40219.1
Project("{FAE04EC0-301F-11D3-BF4B-00C04F79EFBC}") = "App", "App.csproj", "{5A759097-70FA-4F80-827F-6A1B2246C8A5}"
EndProject
Global
	GlobalSection(SolutionConfigurationPlatforms) = preSolution
		Debug|Any CPU = Debug|Any CPU
		Release|Any CPU = Release|Any CPU
	EndGlobalSection
	GlobalSection(ProjectConfigurationPlatforms) = postSolution
		{5A759097-70FA-4F80-827F-6A1B2246C8A5}.Debug|Any CPU.ActiveCfg = Debug|Any CPU
		{5A759097-70FA-4F80-827F-6A1B2246C8A5}.Debug|Any CPU.Build.0 = Debug|Any CPU
		{5A759097-70FA-4F80-827F-6A1B2246C8A5}.Release|Any CPU.ActiveCfg = Release|Any CPU
		{5A759097-70FA-4F80-827F-6A1B2246C8A5}.Release|Any CPU.Build.0 = Release|Any CPU
	EndGlobalSection
	GlobalSection(SolutionProperties) = preSolution
		HideSolutionNode = FALSE
	EndGlobalSection
	GlobalSection(ExtensibilityGlobals) = postSolution
		SolutionGuid = {DB2AD339-F0B4-410F-9CBA-5A7A38CD8B01}
	EndGlobalSection
EndGlobal
