
Microsoft Visual Studio Solution File, Format Version 12.00
# Visual Studio Version 17
VisualStudioVersion = 17.9.34616.47
MinimumVisualStudioVersion = 10.0.40219.1
Project("{9A19103F-16F7-4668-BE54-9A1E7A4F7556}") = "LionkApp", "App\LionkApp\LionkApp.csproj", "{505DC924-DB2D-4886-AB17-D04969A1E819}"
EndProject
Project("{9A19103F-16F7-4668-BE54-9A1E7A4F7556}") = "Logger", "Lib\Logger\Logger.csproj", "{3DF9D1CE-83D7-4733-92C9-2335423A52A7}"
EndProject
Project("{9A19103F-16F7-4668-BE54-9A1E7A4F7556}") = "LionkTest", "LionkTest\LionkTest.csproj", "{B2DF2BBF-DBAD-48E5-925C-C68616B07EC7}"
EndProject
Project("{9A19103F-16F7-4668-BE54-9A1E7A4F7556}") = "Notifications", "Lib\Notifications\Notifications.csproj", "{6397BDB2-2F46-477B-98CF-EB17CDD0A888}"
EndProject
Global
	GlobalSection(SolutionConfigurationPlatforms) = preSolution
		Debug|Any CPU = Debug|Any CPU
		Debug|x64 = Debug|x64
		Debug|x86 = Debug|x86
		Release|Any CPU = Release|Any CPU
		Release|x64 = Release|x64
		Release|x86 = Release|x86
	EndGlobalSection
	GlobalSection(ProjectConfigurationPlatforms) = postSolution
		{505DC924-DB2D-4886-AB17-D04969A1E819}.Debug|Any CPU.ActiveCfg = Debug|Any CPU
		{505DC924-DB2D-4886-AB17-D04969A1E819}.Debug|Any CPU.Build.0 = Debug|Any CPU
		{505DC924-DB2D-4886-AB17-D04969A1E819}.Debug|x64.ActiveCfg = Debug|x64
		{505DC924-DB2D-4886-AB17-D04969A1E819}.Debug|x64.Build.0 = Debug|x64
		{505DC924-DB2D-4886-AB17-D04969A1E819}.Debug|x86.ActiveCfg = Debug|x86
		{505DC924-DB2D-4886-AB17-D04969A1E819}.Debug|x86.Build.0 = Debug|x86
		{505DC924-DB2D-4886-AB17-D04969A1E819}.Release|Any CPU.ActiveCfg = Release|Any CPU
		{505DC924-DB2D-4886-AB17-D04969A1E819}.Release|Any CPU.Build.0 = Release|Any CPU
		{505DC924-DB2D-4886-AB17-D04969A1E819}.Release|x64.ActiveCfg = Release|x64
		{505DC924-DB2D-4886-AB17-D04969A1E819}.Release|x64.Build.0 = Release|x64
		{505DC924-DB2D-4886-AB17-D04969A1E819}.Release|x86.ActiveCfg = Release|x86
		{505DC924-DB2D-4886-AB17-D04969A1E819}.Release|x86.Build.0 = Release|x86
		{3DF9D1CE-83D7-4733-92C9-2335423A52A7}.Debug|Any CPU.ActiveCfg = Debug|Any CPU
		{3DF9D1CE-83D7-4733-92C9-2335423A52A7}.Debug|Any CPU.Build.0 = Debug|Any CPU
		{3DF9D1CE-83D7-4733-92C9-2335423A52A7}.Debug|x64.ActiveCfg = Debug|Any CPU
		{3DF9D1CE-83D7-4733-92C9-2335423A52A7}.Debug|x64.Build.0 = Debug|Any CPU
		{3DF9D1CE-83D7-4733-92C9-2335423A52A7}.Debug|x86.ActiveCfg = Debug|Any CPU
		{3DF9D1CE-83D7-4733-92C9-2335423A52A7}.Debug|x86.Build.0 = Debug|Any CPU
		{3DF9D1CE-83D7-4733-92C9-2335423A52A7}.Release|Any CPU.ActiveCfg = Release|Any CPU
		{3DF9D1CE-83D7-4733-92C9-2335423A52A7}.Release|Any CPU.Build.0 = Release|Any CPU
		{3DF9D1CE-83D7-4733-92C9-2335423A52A7}.Release|x64.ActiveCfg = Release|Any CPU
		{3DF9D1CE-83D7-4733-92C9-2335423A52A7}.Release|x64.Build.0 = Release|Any CPU
		{3DF9D1CE-83D7-4733-92C9-2335423A52A7}.Release|x86.ActiveCfg = Release|Any CPU
		{3DF9D1CE-83D7-4733-92C9-2335423A52A7}.Release|x86.Build.0 = Release|Any CPU
		{B2DF2BBF-DBAD-48E5-925C-C68616B07EC7}.Debug|Any CPU.ActiveCfg = Debug|Any CPU
		{B2DF2BBF-DBAD-48E5-925C-C68616B07EC7}.Debug|Any CPU.Build.0 = Debug|Any CPU
		{B2DF2BBF-DBAD-48E5-925C-C68616B07EC7}.Debug|x64.ActiveCfg = Debug|x64
		{B2DF2BBF-DBAD-48E5-925C-C68616B07EC7}.Debug|x64.Build.0 = Debug|x64
		{B2DF2BBF-DBAD-48E5-925C-C68616B07EC7}.Debug|x86.ActiveCfg = Debug|x86
		{B2DF2BBF-DBAD-48E5-925C-C68616B07EC7}.Debug|x86.Build.0 = Debug|x86
		{B2DF2BBF-DBAD-48E5-925C-C68616B07EC7}.Release|Any CPU.ActiveCfg = Release|Any CPU
		{B2DF2BBF-DBAD-48E5-925C-C68616B07EC7}.Release|Any CPU.Build.0 = Release|Any CPU
		{B2DF2BBF-DBAD-48E5-925C-C68616B07EC7}.Release|x64.ActiveCfg = Release|x64
		{B2DF2BBF-DBAD-48E5-925C-C68616B07EC7}.Release|x64.Build.0 = Release|x64
		{B2DF2BBF-DBAD-48E5-925C-C68616B07EC7}.Release|x86.ActiveCfg = Release|x86
		{B2DF2BBF-DBAD-48E5-925C-C68616B07EC7}.Release|x86.Build.0 = Release|x86
		{6397BDB2-2F46-477B-98CF-EB17CDD0A888}.Debug|Any CPU.ActiveCfg = Debug|Any CPU
		{6397BDB2-2F46-477B-98CF-EB17CDD0A888}.Debug|Any CPU.Build.0 = Debug|Any CPU
		{6397BDB2-2F46-477B-98CF-EB17CDD0A888}.Debug|x64.ActiveCfg = Debug|x64
		{6397BDB2-2F46-477B-98CF-EB17CDD0A888}.Debug|x64.Build.0 = Debug|x64
		{6397BDB2-2F46-477B-98CF-EB17CDD0A888}.Debug|x86.ActiveCfg = Debug|x86
		{6397BDB2-2F46-477B-98CF-EB17CDD0A888}.Debug|x86.Build.0 = Debug|x86
		{6397BDB2-2F46-477B-98CF-EB17CDD0A888}.Release|Any CPU.ActiveCfg = Release|Any CPU
		{6397BDB2-2F46-477B-98CF-EB17CDD0A888}.Release|Any CPU.Build.0 = Release|Any CPU
		{6397BDB2-2F46-477B-98CF-EB17CDD0A888}.Release|x64.ActiveCfg = Release|x64
		{6397BDB2-2F46-477B-98CF-EB17CDD0A888}.Release|x64.Build.0 = Release|x64
		{6397BDB2-2F46-477B-98CF-EB17CDD0A888}.Release|x86.ActiveCfg = Release|x86
		{6397BDB2-2F46-477B-98CF-EB17CDD0A888}.Release|x86.Build.0 = Release|x86
	EndGlobalSection
	GlobalSection(SolutionProperties) = preSolution
		HideSolutionNode = FALSE
	EndGlobalSection
	GlobalSection(ExtensibilityGlobals) = postSolution
		SolutionGuid = {14A06687-6C62-41C1-AC21-8C66BF1121DF}
	EndGlobalSection
EndGlobal
