Microsoft Visual Studio Solution File, Format Version 12.00
# Visual Studio Version 17
VisualStudioVersion = 17.9.34616.47
MinimumVisualStudioVersion = 10.0.40219.1
Project("{9A19103F-16F7-4668-BE54-9A1E7A4F7556}") = "LionkApp", "App\LionkApp\LionkApp.csproj", "{505DC924-DB2D-4886-AB17-D04969A1E819}"
EndProject
Project("{9A19103F-16F7-4668-BE54-9A1E7A4F7556}") = "Lionk.Core", "Lib\Lionk.Core\Lionk.Core.csproj", "{2E361190-1844-4BE8-B73A-F2A191D82F42}"
EndProject
Project("{9A19103F-16F7-4668-BE54-9A1E7A4F7556}") = "Lionk.Plugin", "Lib\Lionk.Plugin\Lionk.Plugin.csproj", "{0B362F32-88BA-4B41-902E-5605643AA93D}"
EndProject
Project("{9A19103F-16F7-4668-BE54-9A1E7A4F7556}") = "Lionk.Logger", "Lib\Lionk.Logger\Lionk.Logger.csproj", "{C8D2F0DC-5241-4FD2-8FE4-0A9DF17B35B4}"
EndProject
Project("{9A19103F-16F7-4668-BE54-9A1E7A4F7556}") = "Lionk.Notification", "Lib\Lionk.Notifications\Lionk.Notification.csproj", "{42D88A26-9B6D-4122-9B7B-8486A3A306D3}"
EndProject
Project("{9A19103F-16F7-4668-BE54-9A1E7A4F7556}") = "Lionk.Core.Razor", "Lib\Lionk.Core.Razor\Lionk.Core.Razor.csproj", "{034633F3-A7EC-4CB8-890D-50737DFD88AF}"
EndProject
Project("{9A19103F-16F7-4668-BE54-9A1E7A4F7556}") = "Lionk.Utils", "Lib\Lionk.Utils\Lionk.Utils.csproj", "{E6E7AE51-FDB9-4859-ACBB-C01D3A2C655E}"
EndProject
Project("{9A19103F-16F7-4668-BE54-9A1E7A4F7556}") = "LionkTest", "Test\LionkTest.csproj", "{1B93FFB2-0463-44B9-B969-8644A70C39D3}"
EndProject
Project("{9A19103F-16F7-4668-BE54-9A1E7A4F7556}") = "Lionk.Auth", "Lib\Lionk.Auth\Lionk.Auth.csproj", "{7E47C63D-C856-49C2-86B0-F6EB8F0C88D5}"
EndProject
Project("{9A19103F-16F7-4668-BE54-9A1E7A4F7556}") = "Lionk.Auth.Razor", "Lib\Lionk.Auth.Razor\Lionk.Auth.Razor.csproj", "{F4DF9C88-B9A4-4167-BA82-DB354AC89008}"
EndProject
Project("{9A19103F-16F7-4668-BE54-9A1E7A4F7556}") = "Lionk.Plugin.Blazor", "Lib\Lionk.Plugin.Blazor\Lionk.Plugin.Blazor.csproj", "{67298732-D7D7-440E-8B26-2C5C95828B32}"
EndProject
Project("{9A19103F-16F7-4668-BE54-9A1E7A4F7556}") = "Lionk.ComponentTestClock", "Lib\Lionk.ComponentTestClock\Lionk.ComponentTestClock.csproj", "{45874493-1A99-4907-8559-594F02B32BD4}"
EndProject
Global
	GlobalSection(SolutionConfigurationPlatforms) = preSolution
		Debug|Any CPU = Debug|Any CPU
		Debug|x64 = Debug|x64
		Debug|x86 = Debug|x86
		Release|Any CPU = Release|Any CPU
		Release|x64 = Release|x64
		Release|x86 = Release|x86
	EndGlobalSection
	GlobalSection(ProjectConfigurationPlatforms) = postSolution
		{505DC924-DB2D-4886-AB17-D04969A1E819}.Debug|Any CPU.ActiveCfg = Debug|Any CPU
		{505DC924-DB2D-4886-AB17-D04969A1E819}.Debug|Any CPU.Build.0 = Debug|Any CPU
		{505DC924-DB2D-4886-AB17-D04969A1E819}.Debug|x64.ActiveCfg = Debug|x64
		{505DC924-DB2D-4886-AB17-D04969A1E819}.Debug|x64.Build.0 = Debug|x64
		{505DC924-DB2D-4886-AB17-D04969A1E819}.Debug|x86.ActiveCfg = Debug|x86
		{505DC924-DB2D-4886-AB17-D04969A1E819}.Debug|x86.Build.0 = Debug|x86
		{505DC924-DB2D-4886-AB17-D04969A1E819}.Release|Any CPU.ActiveCfg = Release|Any CPU
		{505DC924-DB2D-4886-AB17-D04969A1E819}.Release|Any CPU.Build.0 = Release|Any CPU
		{505DC924-DB2D-4886-AB17-D04969A1E819}.Release|x64.ActiveCfg = Release|x64
		{505DC924-DB2D-4886-AB17-D04969A1E819}.Release|x64.Build.0 = Release|x64
		{505DC924-DB2D-4886-AB17-D04969A1E819}.Release|x86.ActiveCfg = Release|x86
		{505DC924-DB2D-4886-AB17-D04969A1E819}.Release|x86.Build.0 = Release|x86
		{2E361190-1844-4BE8-B73A-F2A191D82F42}.Debug|Any CPU.ActiveCfg = Debug|Any CPU
		{2E361190-1844-4BE8-B73A-F2A191D82F42}.Debug|Any CPU.Build.0 = Debug|Any CPU
		{2E361190-1844-4BE8-B73A-F2A191D82F42}.Debug|x64.ActiveCfg = Debug|x64
		{2E361190-1844-4BE8-B73A-F2A191D82F42}.Debug|x64.Build.0 = Debug|x64
		{2E361190-1844-4BE8-B73A-F2A191D82F42}.Debug|x86.ActiveCfg = Debug|x86
		{2E361190-1844-4BE8-B73A-F2A191D82F42}.Debug|x86.Build.0 = Debug|x86
		{2E361190-1844-4BE8-B73A-F2A191D82F42}.Release|Any CPU.ActiveCfg = Release|Any CPU
		{2E361190-1844-4BE8-B73A-F2A191D82F42}.Release|Any CPU.Build.0 = Release|Any CPU
		{2E361190-1844-4BE8-B73A-F2A191D82F42}.Release|x64.ActiveCfg = Release|x64
		{2E361190-1844-4BE8-B73A-F2A191D82F42}.Release|x64.Build.0 = Release|x64
		{2E361190-1844-4BE8-B73A-F2A191D82F42}.Release|x86.ActiveCfg = Release|x86
		{2E361190-1844-4BE8-B73A-F2A191D82F42}.Release|x86.Build.0 = Release|x86
		{0B362F32-88BA-4B41-902E-5605643AA93D}.Debug|Any CPU.ActiveCfg = Debug|Any CPU
		{0B362F32-88BA-4B41-902E-5605643AA93D}.Debug|Any CPU.Build.0 = Debug|Any CPU
		{0B362F32-88BA-4B41-902E-5605643AA93D}.Debug|x64.ActiveCfg = Debug|x64
		{0B362F32-88BA-4B41-902E-5605643AA93D}.Debug|x64.Build.0 = Debug|x64
		{0B362F32-88BA-4B41-902E-5605643AA93D}.Debug|x86.ActiveCfg = Debug|x86
		{0B362F32-88BA-4B41-902E-5605643AA93D}.Debug|x86.Build.0 = Debug|x86
		{0B362F32-88BA-4B41-902E-5605643AA93D}.Release|Any CPU.ActiveCfg = Release|Any CPU
		{0B362F32-88BA-4B41-902E-5605643AA93D}.Release|Any CPU.Build.0 = Release|Any CPU
		{0B362F32-88BA-4B41-902E-5605643AA93D}.Release|x64.ActiveCfg = Release|x64
		{0B362F32-88BA-4B41-902E-5605643AA93D}.Release|x64.Build.0 = Release|x64
		{0B362F32-88BA-4B41-902E-5605643AA93D}.Release|x86.ActiveCfg = Release|x86
		{0B362F32-88BA-4B41-902E-5605643AA93D}.Release|x86.Build.0 = Release|x86
		{C8D2F0DC-5241-4FD2-8FE4-0A9DF17B35B4}.Debug|Any CPU.ActiveCfg = Debug|Any CPU
		{C8D2F0DC-5241-4FD2-8FE4-0A9DF17B35B4}.Debug|Any CPU.Build.0 = Debug|Any CPU
		{C8D2F0DC-5241-4FD2-8FE4-0A9DF17B35B4}.Debug|x64.ActiveCfg = Debug|x64
		{C8D2F0DC-5241-4FD2-8FE4-0A9DF17B35B4}.Debug|x64.Build.0 = Debug|x64
		{C8D2F0DC-5241-4FD2-8FE4-0A9DF17B35B4}.Debug|x86.ActiveCfg = Debug|x86
		{C8D2F0DC-5241-4FD2-8FE4-0A9DF17B35B4}.Debug|x86.Build.0 = Debug|x86
		{C8D2F0DC-5241-4FD2-8FE4-0A9DF17B35B4}.Release|Any CPU.ActiveCfg = Release|Any CPU
		{C8D2F0DC-5241-4FD2-8FE4-0A9DF17B35B4}.Release|Any CPU.Build.0 = Release|Any CPU
		{C8D2F0DC-5241-4FD2-8FE4-0A9DF17B35B4}.Release|x64.ActiveCfg = Release|x64
		{C8D2F0DC-5241-4FD2-8FE4-0A9DF17B35B4}.Release|x64.Build.0 = Release|x64
		{C8D2F0DC-5241-4FD2-8FE4-0A9DF17B35B4}.Release|x86.ActiveCfg = Release|x86
		{C8D2F0DC-5241-4FD2-8FE4-0A9DF17B35B4}.Release|x86.Build.0 = Release|x86
		{42D88A26-9B6D-4122-9B7B-8486A3A306D3}.Debug|Any CPU.ActiveCfg = Debug|Any CPU
		{42D88A26-9B6D-4122-9B7B-8486A3A306D3}.Debug|Any CPU.Build.0 = Debug|Any CPU
		{42D88A26-9B6D-4122-9B7B-8486A3A306D3}.Debug|x64.ActiveCfg = Debug|x64
		{42D88A26-9B6D-4122-9B7B-8486A3A306D3}.Debug|x64.Build.0 = Debug|x64
		{42D88A26-9B6D-4122-9B7B-8486A3A306D3}.Debug|x86.ActiveCfg = Debug|x86
		{42D88A26-9B6D-4122-9B7B-8486A3A306D3}.Debug|x86.Build.0 = Debug|x86
		{42D88A26-9B6D-4122-9B7B-8486A3A306D3}.Release|Any CPU.ActiveCfg = Release|Any CPU
		{42D88A26-9B6D-4122-9B7B-8486A3A306D3}.Release|Any CPU.Build.0 = Release|Any CPU
		{42D88A26-9B6D-4122-9B7B-8486A3A306D3}.Release|x64.ActiveCfg = Release|x64
		{42D88A26-9B6D-4122-9B7B-8486A3A306D3}.Release|x64.Build.0 = Release|x64
		{42D88A26-9B6D-4122-9B7B-8486A3A306D3}.Release|x86.ActiveCfg = Release|x86
		{42D88A26-9B6D-4122-9B7B-8486A3A306D3}.Release|x86.Build.0 = Release|x86
		{034633F3-A7EC-4CB8-890D-50737DFD88AF}.Debug|Any CPU.ActiveCfg = Debug|Any CPU
		{034633F3-A7EC-4CB8-890D-50737DFD88AF}.Debug|Any CPU.Build.0 = Debug|Any CPU
		{034633F3-A7EC-4CB8-890D-50737DFD88AF}.Debug|x64.ActiveCfg = Debug|x64
		{034633F3-A7EC-4CB8-890D-50737DFD88AF}.Debug|x64.Build.0 = Debug|x64
		{034633F3-A7EC-4CB8-890D-50737DFD88AF}.Debug|x86.ActiveCfg = Debug|x86
		{034633F3-A7EC-4CB8-890D-50737DFD88AF}.Debug|x86.Build.0 = Debug|x86
		{034633F3-A7EC-4CB8-890D-50737DFD88AF}.Release|Any CPU.ActiveCfg = Release|Any CPU
		{034633F3-A7EC-4CB8-890D-50737DFD88AF}.Release|Any CPU.Build.0 = Release|Any CPU
		{034633F3-A7EC-4CB8-890D-50737DFD88AF}.Release|x64.ActiveCfg = Release|x64
		{034633F3-A7EC-4CB8-890D-50737DFD88AF}.Release|x64.Build.0 = Release|x64
		{034633F3-A7EC-4CB8-890D-50737DFD88AF}.Release|x86.ActiveCfg = Release|x86
		{034633F3-A7EC-4CB8-890D-50737DFD88AF}.Release|x86.Build.0 = Release|x86
		{E6E7AE51-FDB9-4859-ACBB-C01D3A2C655E}.Debug|Any CPU.ActiveCfg = Debug|Any CPU
		{E6E7AE51-FDB9-4859-ACBB-C01D3A2C655E}.Debug|Any CPU.Build.0 = Debug|Any CPU
		{E6E7AE51-FDB9-4859-ACBB-C01D3A2C655E}.Debug|x64.ActiveCfg = Debug|x64
		{E6E7AE51-FDB9-4859-ACBB-C01D3A2C655E}.Debug|x64.Build.0 = Debug|x64
		{E6E7AE51-FDB9-4859-ACBB-C01D3A2C655E}.Debug|x86.ActiveCfg = Debug|x86
		{E6E7AE51-FDB9-4859-ACBB-C01D3A2C655E}.Debug|x86.Build.0 = Debug|x86
		{E6E7AE51-FDB9-4859-ACBB-C01D3A2C655E}.Release|Any CPU.ActiveCfg = Release|Any CPU
		{E6E7AE51-FDB9-4859-ACBB-C01D3A2C655E}.Release|Any CPU.Build.0 = Release|Any CPU
		{E6E7AE51-FDB9-4859-ACBB-C01D3A2C655E}.Release|x64.ActiveCfg = Release|x64
		{E6E7AE51-FDB9-4859-ACBB-C01D3A2C655E}.Release|x64.Build.0 = Release|x64
		{E6E7AE51-FDB9-4859-ACBB-C01D3A2C655E}.Release|x86.ActiveCfg = Release|x86
		{E6E7AE51-FDB9-4859-ACBB-C01D3A2C655E}.Release|x86.Build.0 = Release|x86
		{1B93FFB2-0463-44B9-B969-8644A70C39D3}.Debug|Any CPU.ActiveCfg = Debug|Any CPU
		{1B93FFB2-0463-44B9-B969-8644A70C39D3}.Debug|Any CPU.Build.0 = Debug|Any CPU
		{1B93FFB2-0463-44B9-B969-8644A70C39D3}.Debug|x64.ActiveCfg = Debug|x64
		{1B93FFB2-0463-44B9-B969-8644A70C39D3}.Debug|x64.Build.0 = Debug|x64
		{1B93FFB2-0463-44B9-B969-8644A70C39D3}.Debug|x86.ActiveCfg = Debug|x86
		{1B93FFB2-0463-44B9-B969-8644A70C39D3}.Debug|x86.Build.0 = Debug|x86
		{1B93FFB2-0463-44B9-B969-8644A70C39D3}.Release|Any CPU.ActiveCfg = Release|Any CPU
		{1B93FFB2-0463-44B9-B969-8644A70C39D3}.Release|Any CPU.Build.0 = Release|Any CPU
		{1B93FFB2-0463-44B9-B969-8644A70C39D3}.Release|x64.ActiveCfg = Release|x64
		{1B93FFB2-0463-44B9-B969-8644A70C39D3}.Release|x64.Build.0 = Release|x64
		{1B93FFB2-0463-44B9-B969-8644A70C39D3}.Release|x86.ActiveCfg = Release|x86
		{1B93FFB2-0463-44B9-B969-8644A70C39D3}.Release|x86.Build.0 = Release|x86
		{7E47C63D-C856-49C2-86B0-F6EB8F0C88D5}.Debug|Any CPU.ActiveCfg = Debug|Any CPU
		{7E47C63D-C856-49C2-86B0-F6EB8F0C88D5}.Debug|Any CPU.Build.0 = Debug|Any CPU
		{7E47C63D-C856-49C2-86B0-F6EB8F0C88D5}.Debug|x64.ActiveCfg = Debug|x64
		{7E47C63D-C856-49C2-86B0-F6EB8F0C88D5}.Debug|x64.Build.0 = Debug|x64
		{7E47C63D-C856-49C2-86B0-F6EB8F0C88D5}.Debug|x86.ActiveCfg = Debug|x86
		{7E47C63D-C856-49C2-86B0-F6EB8F0C88D5}.Debug|x86.Build.0 = Debug|x86
		{7E47C63D-C856-49C2-86B0-F6EB8F0C88D5}.Release|Any CPU.ActiveCfg = Release|Any CPU
		{7E47C63D-C856-49C2-86B0-F6EB8F0C88D5}.Release|Any CPU.Build.0 = Release|Any CPU
		{7E47C63D-C856-49C2-86B0-F6EB8F0C88D5}.Release|x64.ActiveCfg = Release|x64
		{7E47C63D-C856-49C2-86B0-F6EB8F0C88D5}.Release|x64.Build.0 = Release|x64
		{7E47C63D-C856-49C2-86B0-F6EB8F0C88D5}.Release|x86.ActiveCfg = Release|x86
		{7E47C63D-C856-49C2-86B0-F6EB8F0C88D5}.Release|x86.Build.0 = Release|x86
		{F4DF9C88-B9A4-4167-BA82-DB354AC89008}.Debug|Any CPU.ActiveCfg = Debug|Any CPU
		{F4DF9C88-B9A4-4167-BA82-DB354AC89008}.Debug|Any CPU.Build.0 = Debug|Any CPU
		{F4DF9C88-B9A4-4167-BA82-DB354AC89008}.Debug|x64.ActiveCfg = Debug|x64
		{F4DF9C88-B9A4-4167-BA82-DB354AC89008}.Debug|x64.Build.0 = Debug|x64
		{F4DF9C88-B9A4-4167-BA82-DB354AC89008}.Debug|x86.ActiveCfg = Debug|x86
		{F4DF9C88-B9A4-4167-BA82-DB354AC89008}.Debug|x86.Build.0 = Debug|x86
		{F4DF9C88-B9A4-4167-BA82-DB354AC89008}.Release|Any CPU.ActiveCfg = Release|Any CPU
		{F4DF9C88-B9A4-4167-BA82-DB354AC89008}.Release|Any CPU.Build.0 = Release|Any CPU
		{F4DF9C88-B9A4-4167-BA82-DB354AC89008}.Release|x64.ActiveCfg = Release|x64
		{F4DF9C88-B9A4-4167-BA82-DB354AC89008}.Release|x64.Build.0 = Release|x64
		{F4DF9C88-B9A4-4167-BA82-DB354AC89008}.Release|x86.ActiveCfg = Release|x86
		{F4DF9C88-B9A4-4167-BA82-DB354AC89008}.Release|x86.Build.0 = Release|x86
		{67298732-D7D7-440E-8B26-2C5C95828B32}.Debug|Any CPU.ActiveCfg = Debug|Any CPU
		{67298732-D7D7-440E-8B26-2C5C95828B32}.Debug|Any CPU.Build.0 = Debug|Any CPU
		{67298732-D7D7-440E-8B26-2C5C95828B32}.Debug|x64.ActiveCfg = Debug|x64
		{67298732-D7D7-440E-8B26-2C5C95828B32}.Debug|x64.Build.0 = Debug|x64
		{67298732-D7D7-440E-8B26-2C5C95828B32}.Debug|x86.ActiveCfg = Debug|x86
		{67298732-D7D7-440E-8B26-2C5C95828B32}.Debug|x86.Build.0 = Debug|x86
		{67298732-D7D7-440E-8B26-2C5C95828B32}.Release|Any CPU.ActiveCfg = Release|Any CPU
		{67298732-D7D7-440E-8B26-2C5C95828B32}.Release|Any CPU.Build.0 = Release|Any CPU
		{67298732-D7D7-440E-8B26-2C5C95828B32}.Release|x64.ActiveCfg = Release|x64
		{67298732-D7D7-440E-8B26-2C5C95828B32}.Release|x64.Build.0 = Release|x64
		{67298732-D7D7-440E-8B26-2C5C95828B32}.Release|x86.ActiveCfg = Release|x86
		{67298732-D7D7-440E-8B26-2C5C95828B32}.Release|x86.Build.0 = Release|x86
		{45874493-1A99-4907-8559-594F02B32BD4}.Debug|Any CPU.ActiveCfg = Debug|Any CPU
		{45874493-1A99-4907-8559-594F02B32BD4}.Debug|Any CPU.Build.0 = Debug|Any CPU
		{45874493-1A99-4907-8559-594F02B32BD4}.Debug|x64.ActiveCfg = Debug|x64
		{45874493-1A99-4907-8559-594F02B32BD4}.Debug|x64.Build.0 = Debug|x64
		{45874493-1A99-4907-8559-594F02B32BD4}.Debug|x86.ActiveCfg = Debug|x86
		{45874493-1A99-4907-8559-594F02B32BD4}.Debug|x86.Build.0 = Debug|x86
		{45874493-1A99-4907-8559-594F02B32BD4}.Release|Any CPU.ActiveCfg = Release|Any CPU
		{45874493-1A99-4907-8559-594F02B32BD4}.Release|Any CPU.Build.0 = Release|Any CPU
		{45874493-1A99-4907-8559-594F02B32BD4}.Release|x64.ActiveCfg = Release|x64
		{45874493-1A99-4907-8559-594F02B32BD4}.Release|x64.Build.0 = Release|x64
		{45874493-1A99-4907-8559-594F02B32BD4}.Release|x86.ActiveCfg = Release|x86
		{45874493-1A99-4907-8559-594F02B32BD4}.Release|x86.Build.0 = Release|x86
	EndGlobalSection
	GlobalSection(SolutionProperties) = preSolution
		HideSolutionNode = FALSE
	EndGlobalSection
	GlobalSection(ExtensibilityGlobals) = postSolution
		SolutionGuid = {14A06687-6C62-41C1-AC21-8C66BF1121DF}
	EndGlobalSection
EndGlobal
